
Microsoft Visual Studio Solution File, Format Version 12.00
# Visual Studio Version 17
VisualStudioVersion = 17.7.34031.279
MinimumVisualStudioVersion = 10.0.40219.1
Project("{FAE04EC0-301F-11D3-BF4B-00C04F79EFBC}") = "WpfApp11", "WpfApp11\WpfApp11.csproj", "{BC484BE0-4FEB-4DA8-B61C-36D066F789C6}"
EndProject
Global
	GlobalSection(SolutionConfigurationPlatforms) = preSolution
		Debug|Any CPU = Debug|Any CPU
		Release|Any CPU = Release|Any CPU
	EndGlobalSection
	GlobalSection(ProjectConfigurationPlatforms) = postSolution
		{BC484BE0-4FEB-4DA8-B61C-36D066F789C6}.Debug|Any CPU.ActiveCfg = Debug|Any CPU
		{BC484BE0-4FEB-4DA8-B61C-36D066F789C6}.Debug|Any CPU.Build.0 = Debug|Any CPU
		{BC484BE0-4FEB-4DA8-B61C-36D066F789C6}.Release|Any CPU.ActiveCfg = Release|Any CPU
		{BC484BE0-4FEB-4DA8-B61C-36D066F789C6}.Release|Any CPU.Build.0 = Release|Any CPU
	EndGlobalSection
	GlobalSection(SolutionProperties) = preSolution
		HideSolutionNode = FALSE
	EndGlobalSection
	GlobalSection(ExtensibilityGlobals) = postSolution
		SolutionGuid = {051F88D3-5B2F-4E53-8A46-9862863D80B6}
	EndGlobalSection
EndGlobal
